PODS:
  - ARCL (1.0.1)
  - CocoaLumberjack/Default (3.3.0)
  - CocoaLumberjack/Swift (3.3.0):
    - CocoaLumberjack/Default

DEPENDENCIES:
  - ARCL
  - CocoaLumberjack/Swift (from `https://github.com/CocoaLumberjack/CocoaLumberjack`, branch `master`)

EXTERNAL SOURCES:
  CocoaLumberjack:
    :branch: master
    :git: https://github.com/CocoaLumberjack/CocoaLumberjack

CHECKOUT OPTIONS:
  CocoaLumberjack:
    :commit: 11bcfd9ea9abdf8edb6b40be10a35a2cdb994f78
    :git: https://github.com/CocoaLumberjack/CocoaLumberjack

SPEC CHECKSUMS:
  ARCL: 193b108d6fd5277ce742be3af92ccf81bbdd2f3b
  CocoaLumberjack: a64ea49c6ac8f32f455bb644fd22f3669872030f

PODFILE CHECKSUM: 388e1f2ad2f336a0936da433330a0d46167cb0af

COCOAPODS: 1.3.1
